
Microsoft Visual Studio Solution File, Format Version 12.00
Project("{FAE04EC0-301F-11D3-BF4B-00C04F79EFBC}") = "Exercises", "Exercises\Exercises.csproj", "{FA84DE1D-EF6A-4B89-908F-01D1FEE45A93}"
EndProject
Global
	GlobalSection(SolutionConfigurationPlatforms) = preSolution
		Debug|Any CPU = Debug|Any CPU
		Release|Any CPU = Release|Any CPU
	EndGlobalSection
	GlobalSection(ProjectConfigurationPlatforms) = postSolution
		{FA84DE1D-EF6A-4B89-908F-01D1FEE45A93}.Debug|Any CPU.ActiveCfg = Debug|Any CPU
		{FA84DE1D-EF6A-4B89-908F-01D1FEE45A93}.Debug|Any CPU.Build.0 = Debug|Any CPU
		{FA84DE1D-EF6A-4B89-908F-01D1FEE45A93}.Release|Any CPU.ActiveCfg = Release|Any CPU
		{FA84DE1D-EF6A-4B89-908F-01D1FEE45A93}.Release|Any CPU.Build.0 = Release|Any CPU
	EndGlobalSection
EndGlobal
